
Microsoft Visual Studio Solution File, Format Version 12.00
# Visual Studio Version 16
VisualStudioVersion = 16.0.28803.452
MinimumVisualStudioVersion = 10.0.40219.1
Project("{FAE04EC0-301F-11D3-BF4B-00C04F79EFBC}") = "CityCoordinate.Core", "CityCoordinate.Core\CityCoordinate.Core.csproj", "{CDBC7E82-4BA5-4840-B0C6-C226BF5BE6AB}"
EndProject
Project("{FAE04EC0-301F-11D3-BF4B-00C04F79EFBC}") = "CityCoordinate.Api", "CityCoordinate.Api\CityCoordinate.Api.csproj", "{ECC8A7F8-61AF-45AC-931B-4DD14646DB1A}"
EndProject
Global
	GlobalSection(SolutionConfigurationPlatforms) = preSolution
		Debug|Any CPU = Debug|Any CPU
		Release|Any CPU = Release|Any CPU
	EndGlobalSection
	GlobalSection(ProjectConfigurationPlatforms) = postSolution
		{CDBC7E82-4BA5-4840-B0C6-C226BF5BE6AB}.Debug|Any CPU.ActiveCfg = Debug|Any CPU
		{CDBC7E82-4BA5-4840-B0C6-C226BF5BE6AB}.Debug|Any CPU.Build.0 = Debug|Any CPU
		{CDBC7E82-4BA5-4840-B0C6-C226BF5BE6AB}.Release|Any CPU.ActiveCfg = Release|Any CPU
		{CDBC7E82-4BA5-4840-B0C6-C226BF5BE6AB}.Release|Any CPU.Build.0 = Release|Any CPU
		{ECC8A7F8-61AF-45AC-931B-4DD14646DB1A}.Debug|Any CPU.ActiveCfg = Debug|Any CPU
		{ECC8A7F8-61AF-45AC-931B-4DD14646DB1A}.Debug|Any CPU.Build.0 = Debug|Any CPU
		{ECC8A7F8-61AF-45AC-931B-4DD14646DB1A}.Release|Any CPU.ActiveCfg = Release|Any CPU
		{ECC8A7F8-61AF-45AC-931B-4DD14646DB1A}.Release|Any CPU.Build.0 = Release|Any CPU
	EndGlobalSection
	GlobalSection(SolutionProperties) = preSolution
		HideSolutionNode = FALSE
	EndGlobalSection
	GlobalSection(ExtensibilityGlobals) = postSolution
		SolutionGuid = {B1D060FB-CCC2-42F9-8EFF-43A8B52A1AB2}
	EndGlobalSection
EndGlobal
